// !$*UTF8*$!
{
	archiveVersion = 1;
	classes = {
	};
	objectVersion = 77;
	objects = {

/* Begin PBXBuildFile section */
		020143BB443055DDCBF73492 /* DNSResolver.swift in Sources */ = {isa = PBXBuildFile; fileRef = D2C151D0D47F7C428DA0DA3D /* DNSResolver.swift */; };
		11EA09E2B70BEA2684DF5207 /* BroadRouteManager.swift in Sources */ = {isa = PBXBuildFile; fileRef = C85C77203378AF51E2A78185 /* BroadRouteManager.swift */; };
		1256C7DF0D353B1D197860D7 /* HelperConnection.swift in Sources */ = {isa = PBXBuildFile; fileRef = A70AD92ADEA5AACD9B2A103B /* HelperConnection.swift */; };
		139067A681BEEC767ADA6B37 /* ConfigPaths.swift in Sources */ = {isa = PBXBuildFile; fileRef = 11E9EAD53B9188BC1EA7BFEC /* ConfigPaths.swift */; };
		15CA0250194EFBE8E43E0962 /* DefaultRouteRepairTests.swift in Sources */ = {isa = PBXBuildFile; fileRef = 7EFEC4E3534F0533AE48544C /* DefaultRouteRepairTests.swift */; };
		17C19AC1226281E29B8EC6ED /* ConfigService.swift in Sources */ = {isa = PBXBuildFile; fileRef = 1B460EB8BE7D9A4A2CA6F4F7 /* ConfigService.swift */; };
		1F1616FE9A826F3E2C395A52 /* StatusView.swift in Sources */ = {isa = PBXBuildFile; fileRef = 35055B3F3BB879250721AB10 /* StatusView.swift */; };
		2063BD090AA7FA0D89A6EC4E /* Constants.swift in Sources */ = {isa = PBXBuildFile; fileRef = 36025133B2E62925CAE4F99B /* Constants.swift */; };
		27D3B4988E2BB90869D174A8 /* Constants.swift in Sources */ = {isa = PBXBuildFile; fileRef = 36025133B2E62925CAE4F99B /* Constants.swift */; };
		2D81411F1AA8B81D7425121E /* ShellRunnerTests.swift in Sources */ = {isa = PBXBuildFile; fileRef = 5AE18BF09CCA455A508A3625 /* ShellRunnerTests.swift */; };
		307ED058E386CD724D51207C /* AppState.swift in Sources */ = {isa = PBXBuildFile; fileRef = CD3BF3E104EB510C0674BCCC /* AppState.swift */; };
		3197E0A57A209A3DC770892A /* PacketCapture.swift in Sources */ = {isa = PBXBuildFile; fileRef = 7AF6FDEF33313670F0ACF124 /* PacketCapture.swift */; };
		3309A72BCEADCBBD0D6D3930 /* IPValidation.swift in Sources */ = {isa = PBXBuildFile; fileRef = B6EB053484A1BF375FFDA9E5 /* IPValidation.swift */; };
		39F16B8EBA377031E76DD508 /* ShellRunner.swift in Sources */ = {isa = PBXBuildFile; fileRef = 7DE05F7489E1A2FEBA9BF7CB /* ShellRunner.swift */; };
		3A79631B55EA30D7A28DAA4B /* IPValidator.swift in Sources */ = {isa = PBXBuildFile; fileRef = CFB0B04869C3F2898F38CC00 /* IPValidator.swift */; };
		4608FAAAC91BFECD7C039AAA /* OfficeModeTab.swift in Sources */ = {isa = PBXBuildFile; fileRef = 3E1161006D298CAE83823215 /* OfficeModeTab.swift */; };
		46B6E24159BF8698E983433B /* ConfigEntry.swift in Sources */ = {isa = PBXBuildFile; fileRef = DC4365D5243E404771C030B1 /* ConfigEntry.swift */; };
		46E2E9925977AF62F9CB9CD7 /* ServiceManagement.framework in Frameworks */ = {isa = PBXBuildFile; fileRef = 6CA5A80B558447826FF03E85 /* ServiceManagement.framework */; };
		4842503A62EACBDDD8CCAD76 /* HelperInstallerTests.swift in Sources */ = {isa = PBXBuildFile; fileRef = ABBEAC25477107623B650BCE /* HelperInstallerTests.swift */; };
		50A484F9EBECCCCB377C46C4 /* CDPParser.swift in Sources */ = {isa = PBXBuildFile; fileRef = 3EFBBC5945F841E5B3C79C79 /* CDPParser.swift */; };
		5535DF5F141D83700EF34C0F /* ZscalerSplitTunnelApp.swift in Sources */ = {isa = PBXBuildFile; fileRef = 1E0267894E6C00F4D435F91E /* ZscalerSplitTunnelApp.swift */; };
		6248C35F6D1D966A4D285FE4 /* NetworkChangeMonitor.swift in Sources */ = {isa = PBXBuildFile; fileRef = 706D81400AFE1A7E0E77826A /* NetworkChangeMonitor.swift */; };
		63302E31DE378916A530BC2E /* SettingsView.swift in Sources */ = {isa = PBXBuildFile; fileRef = 8505BFD660895D27C55F9D51 /* SettingsView.swift */; };
		66C67EBC13236381BEC4B146 /* DefaultRouteRepair.swift in Sources */ = {isa = PBXBuildFile; fileRef = 36367CF0F42A8AA00B5C6953 /* DefaultRouteRepair.swift */; };
		695254C77651B99406A82694 /* ConfigLoaderTests.swift in Sources */ = {isa = PBXBuildFile; fileRef = 67E4F4AF4ED0ED2716E91826 /* ConfigLoaderTests.swift */; };
		6D59A76123A203743736F9EB /* DiscoveredDevice.swift in Sources */ = {isa = PBXBuildFile; fileRef = FB03AE888CC51567A99E2C1D /* DiscoveredDevice.swift */; };
		6D74151F45604B59AE551F06 /* RoutesListView.swift in Sources */ = {isa = PBXBuildFile; fileRef = 402F29765F54B12DA8FF0E2E /* RoutesListView.swift */; };
		6E48600B9B95A6DA2715FC20 /* DiscoveredDeviceInfo.swift in Sources */ = {isa = PBXBuildFile; fileRef = 0C25FF9FC9BEB262D15730E2 /* DiscoveredDeviceInfo.swift */; };
		6E7C2FD45DB60DE5AE0F7C71 /* DNSResolverTests.swift in Sources */ = {isa = PBXBuildFile; fileRef = 8FB2C7DA287EF39B963EEFAF /* DNSResolverTests.swift */; };
		6ECA86F02F3D8DD811CF37F5 /* Constants.swift in Sources */ = {isa = PBXBuildFile; fileRef = 36025133B2E62925CAE4F99B /* Constants.swift */; };
		70403435D4EA296E98789134 /* OfficeNetworkDetector.swift in Sources */ = {isa = PBXBuildFile; fileRef = 8D3A8FC66628944751E0C667 /* OfficeNetworkDetector.swift */; };
		72726C63E3458F59C0F589A7 /* ConfigLoader.swift in Sources */ = {isa = PBXBuildFile; fileRef = 3AE4A49FAAF03951184D4888 /* ConfigLoader.swift */; };
		740F681AA3A8DDC534767B3A /* ShellRunner.swift in Sources */ = {isa = PBXBuildFile; fileRef = 7DE05F7489E1A2FEBA9BF7CB /* ShellRunner.swift */; };
		78E31F320AC05EC8990B3096 /* ConfigFile.swift in Sources */ = {isa = PBXBuildFile; fileRef = EC472DA44A91A33E8615D785 /* ConfigFile.swift */; };
		7B277C5D0F4B2EACAA10778E /* DeviceField.swift in Sources */ = {isa = PBXBuildFile; fileRef = 3D766A5D11F156626BFC073E /* DeviceField.swift */; };
		7DAEAB25FD49CE1F82484A16 /* main.swift in Sources */ = {isa = PBXBuildFile; fileRef = E6610E2F4B6D75B364E7D148 /* main.swift */; };
		7E7E924E2E23F2E5F2ADA4DC /* BuildInfo.swift in Sources */ = {isa = PBXBuildFile; fileRef = 8263A1294673FD2B67A79458 /* BuildInfo.swift */; };
		83A18AA1EA6BACE2FFDD567D /* ConfigPaths.swift in Sources */ = {isa = PBXBuildFile; fileRef = 11E9EAD53B9188BC1EA7BFEC /* ConfigPaths.swift */; };
		8515F186474F4F5E825956EC /* MonitorLoop.swift in Sources */ = {isa = PBXBuildFile; fileRef = 369F6F78D631A4B0B7AC25B2 /* MonitorLoop.swift */; };
		8D7962C008DD5747D479DD61 /* RecoveryNotificationService.swift in Sources */ = {isa = PBXBuildFile; fileRef = 7E8BC7FE6199E76B81C7CC40 /* RecoveryNotificationService.swift */; };
		9642168AE515F605D420CEFC /* RemoteRouteFetcher.swift in Sources */ = {isa = PBXBuildFile; fileRef = D9A0CBBF060A06E3ABAD0285 /* RemoteRouteFetcher.swift */; };
		97497CE3AE143CC08C7DEA3F /* DeviceFieldPreferences.swift in Sources */ = {isa = PBXBuildFile; fileRef = 61B2D28E40B4F23E10769423 /* DeviceFieldPreferences.swift */; };
		9A21F9F0E38934B7551BFA11 /* NetworkDeviceTab.swift in Sources */ = {isa = PBXBuildFile; fileRef = B5A8B2679A8FFB018FD60C4E /* NetworkDeviceTab.swift */; };
		9A51E3F5DB8641BA147A411D /* AppDelegate.swift in Sources */ = {isa = PBXBuildFile; fileRef = B7648F2DFFF87AA760F6658A /* AppDelegate.swift */; };
		9B3053DDBEA6018518EE71F8 /* ZscalerServiceManager.swift in Sources */ = {isa = PBXBuildFile; fileRef = F3A7927FA910B6CD8A7FA66E /* ZscalerServiceManager.swift */; };
		9F1349AC19DED285D0BB75EE /* Constants.swift in Sources */ = {isa = PBXBuildFile; fileRef = 36025133B2E62925CAE4F99B /* Constants.swift */; };
		A0CE0A682591FB5583065BA5 /* DeviceField.swift in Sources */ = {isa = PBXBuildFile; fileRef = 3D766A5D11F156626BFC073E /* DeviceField.swift */; };
		A32A61DD0C12B6D7EDA817F0 /* ConfigEditorView.swift in Sources */ = {isa = PBXBuildFile; fileRef = 3705BDF249A6E3E3BAC26B67 /* ConfigEditorView.swift */; };
		AA9665D7624A6EFE964A06B7 /* DefaultRouteRepair.swift in Sources */ = {isa = PBXBuildFile; fileRef = 36367CF0F42A8AA00B5C6953 /* DefaultRouteRepair.swift */; };
		AC0DDF9491EF6776F5F5EF62 /* ZscalerProcessManager.swift in Sources */ = {isa = PBXBuildFile; fileRef = 79A0C157F5092CDDBE7C328E /* ZscalerProcessManager.swift */; };
		ACE1A1C21A148D0D8BA7AAD3 /* HelperInstaller.swift in Sources */ = {isa = PBXBuildFile; fileRef = 8C41676E200EF18A76D56F15 /* HelperInstaller.swift */; };
		AD156C10DF47843BA945D80C /* XPCProtocol.swift in Sources */ = {isa = PBXBuildFile; fileRef = 126D6BD713F641816F2090E7 /* XPCProtocol.swift */; };
		AE115ECF3538358E59B46F15 /* WiFiDetector.swift in Sources */ = {isa = PBXBuildFile; fileRef = 51A7394107CABE67A0C849CE /* WiFiDetector.swift */; };
		B21C751613C630EF8B6831B4 /* Network.framework in Frameworks */ = {isa = PBXBuildFile; fileRef = 725D72DA06B4F68E4A028B5D /* Network.framework */; };
		B3396BF8F69A7213F42780ED /* XPCTypes.swift in Sources */ = {isa = PBXBuildFile; fileRef = 224E97715CF8DAC19D977D14 /* XPCTypes.swift */; };
		B3A90D42C6EE219CF9EBC8C7 /* RouteEngine.swift in Sources */ = {isa = PBXBuildFile; fileRef = 63B8A968F806D356449A0798 /* RouteEngine.swift */; };
		B40A9D3DD7DA2C841D02BEF4 /* XPCProtocol.swift in Sources */ = {isa = PBXBuildFile; fileRef = 126D6BD713F641816F2090E7 /* XPCProtocol.swift */; };
		B6F05C85F3DD5AC9CE74436A /* RouteReset.swift in Sources */ = {isa = PBXBuildFile; fileRef = 62C37D6CA478635CA98681C6 /* RouteReset.swift */; };
		B90BBC568F27AF39C6FD264E /* IPValidator.swift in Sources */ = {isa = PBXBuildFile; fileRef = CFB0B04869C3F2898F38CC00 /* IPValidator.swift */; };
		BB72963807DF233F437405EA /* HelperStatusCacheTests.swift in Sources */ = {isa = PBXBuildFile; fileRef = 76A2A1B79305BB4AC5A7AA00 /* HelperStatusCacheTests.swift */; };
		BC27AFFCD6533A313E80EC82 /* NetworkDetector.swift in Sources */ = {isa = PBXBuildFile; fileRef = F9FFF8C2D19E3728D7EBD57A /* NetworkDetector.swift */; };
		BCAC687A77FEFF86475F16A0 /* RouteInfo.swift in Sources */ = {isa = PBXBuildFile; fileRef = 6485E40BE3C0FC20299AD49D /* RouteInfo.swift */; };
		BE1AD88346F9EB38F46E13AA /* main.swift in Sources */ = {isa = PBXBuildFile; fileRef = F56223CC1AE4E916FF34C088 /* main.swift */; };
		BE8E472D13CA962B7BAD8E02 /* MenuBarView.swift in Sources */ = {isa = PBXBuildFile; fileRef = F611D2537433232A6BAD3171 /* MenuBarView.swift */; };
		BF2CCDA2E1B79F11F0EF3623 /* HelperInstaller.swift in Sources */ = {isa = PBXBuildFile; fileRef = 8C41676E200EF18A76D56F15 /* HelperInstaller.swift */; };
		C064534DA043A9692355FCB9 /* AddEntrySheet.swift in Sources */ = {isa = PBXBuildFile; fileRef = 81D1547C0BDA6D27CE7FCABC /* AddEntrySheet.swift */; };
		C2F1D0A45AA4684D189A60AC /* XPCTypes.swift in Sources */ = {isa = PBXBuildFile; fileRef = 224E97715CF8DAC19D977D14 /* XPCTypes.swift */; };
		CB407F20DA0A180704860E14 /* HelperStatusCache.swift in Sources */ = {isa = PBXBuildFile; fileRef = A6CACC854CCC59F099A26672 /* HelperStatusCache.swift */; };
		CDEC725C9D07CB967535A7AF /* NetworkMonitor.swift in Sources */ = {isa = PBXBuildFile; fileRef = 1607BE156D96C7F1A0B0E0BD /* NetworkMonitor.swift */; };
		D26FD193C48DA312B0FF240B /* ConfigLoader.swift in Sources */ = {isa = PBXBuildFile; fileRef = 3AE4A49FAAF03951184D4888 /* ConfigLoader.swift */; };
		D358F82A6B7639846E1A42DF /* DNSResolver.swift in Sources */ = {isa = PBXBuildFile; fileRef = D2C151D0D47F7C428DA0DA3D /* DNSResolver.swift */; };
		DCA288235189494C80A9F18E /* DiscoveredDeviceInfo.swift in Sources */ = {isa = PBXBuildFile; fileRef = 0C25FF9FC9BEB262D15730E2 /* DiscoveredDeviceInfo.swift */; };
		E0656C9457BE630CCEE05BAD /* LLDPParser.swift in Sources */ = {isa = PBXBuildFile; fileRef = E285333A9666D9DBABE2486F /* LLDPParser.swift */; };
		E24ED6F33D219DD5043D983E /* RouteReset.swift in Sources */ = {isa = PBXBuildFile; fileRef = 62C37D6CA478635CA98681C6 /* RouteReset.swift */; };
		E353C142EF6338D648822168 /* DNSFlush.swift in Sources */ = {isa = PBXBuildFile; fileRef = 5E8CC8E1E202FD973DB9D5E3 /* DNSFlush.swift */; };
		E4799B874759816452A68970 /* BroadRoute.swift in Sources */ = {isa = PBXBuildFile; fileRef = 320ED541D2452582E1D2BF6F /* BroadRoute.swift */; };
		E5AD9C656CB0A1DCB92DD942 /* RemoteRouteFetcher.swift in Sources */ = {isa = PBXBuildFile; fileRef = D9A0CBBF060A06E3ABAD0285 /* RemoteRouteFetcher.swift */; };
		EBE10272A9F09B876A85A1FB /* ConfigPaths.swift in Sources */ = {isa = PBXBuildFile; fileRef = 11E9EAD53B9188BC1EA7BFEC /* ConfigPaths.swift */; };
		ED06CAB5B6DAE8AE695121DC /* HelperStatusCache.swift in Sources */ = {isa = PBXBuildFile; fileRef = A6CACC854CCC59F099A26672 /* HelperStatusCache.swift */; };
		F17379F840CA601A95B87AF2 /* RouteEngineTests.swift in Sources */ = {isa = PBXBuildFile; fileRef = 341D0208B35DF13F2D6F7CE0 /* RouteEngineTests.swift */; };
		F5526F9DD1E0351CA1151366 /* BuildInfo.swift in Sources */ = {isa = PBXBuildFile; fileRef = 8263A1294673FD2B67A79458 /* BuildInfo.swift */; };
		FB4AAD7C49F62B6DC87D6A11 /* RouteEngine.swift in Sources */ = {isa = PBXBuildFile; fileRef = 63B8A968F806D356449A0798 /* RouteEngine.swift */; };
		FE5D5CC2E8B54EB8A955D5AD /* HelperTool.swift in Sources */ = {isa = PBXBuildFile; fileRef = A768C5D6CC321EB655621E93 /* HelperTool.swift */; };
/* End PBXBuildFile section */

/* Begin PBXContainerItemProxy section */
		E55702C06DE4DB4A933A491A /* PBXContainerItemProxy */ = {
			isa = PBXContainerItemProxy;
			containerPortal = 8F6DD5F12919B51C0C83E49B /* Project object */;
			proxyType = 1;
			remoteGlobalIDString = F81D63425C9B1F82D10EFACA;
			remoteInfo = ZscalerSplitTunnelHelper;
		};
/* End PBXContainerItemProxy section */

/* Begin PBXFileReference section */
		0AD5582139DF4729A0D15604 /* Reset Background Tasks */ = {isa = PBXFileReference; includeInIndex = 0; path = "Reset Background Tasks"; sourceTree = BUILT_PRODUCTS_DIR; };
		0C25FF9FC9BEB262D15730E2 /* DiscoveredDeviceInfo.swift */ = {isa = PBXFileReference; lastKnownFileType = sourcecode.swift; path = DiscoveredDeviceInfo.swift; sourceTree = "<group>"; };
		11E9EAD53B9188BC1EA7BFEC /* ConfigPaths.swift */ = {isa = PBXFileReference; lastKnownFileType = sourcecode.swift; path = ConfigPaths.swift; sourceTree = "<group>"; };
		126D6BD713F641816F2090E7 /* XPCProtocol.swift */ = {isa = PBXFileReference; lastKnownFileType = sourcecode.swift; path = XPCProtocol.swift; sourceTree = "<group>"; };
		1607BE156D96C7F1A0B0E0BD /* NetworkMonitor.swift */ = {isa = PBXFileReference; lastKnownFileType = sourcecode.swift; path = NetworkMonitor.swift; sourceTree = "<group>"; };
		1B460EB8BE7D9A4A2CA6F4F7 /* ConfigService.swift */ = {isa = PBXFileReference; lastKnownFileType = sourcecode.swift; path = ConfigService.swift; sourceTree = "<group>"; };
		1E0267894E6C00F4D435F91E /* ZscalerSplitTunnelApp.swift */ = {isa = PBXFileReference; lastKnownFileType = sourcecode.swift; path = ZscalerSplitTunnelApp.swift; sourceTree = "<group>"; };
		224E97715CF8DAC19D977D14 /* XPCTypes.swift */ = {isa = PBXFileReference; lastKnownFileType = sourcecode.swift; path = XPCTypes.swift; sourceTree = "<group>"; };
		320ED541D2452582E1D2BF6F /* BroadRoute.swift */ = {isa = PBXFileReference; lastKnownFileType = sourcecode.swift; path = BroadRoute.swift; sourceTree = "<group>"; };
		341D0208B35DF13F2D6F7CE0 /* RouteEngineTests.swift */ = {isa = PBXFileReference; lastKnownFileType = sourcecode.swift; path = RouteEngineTests.swift; sourceTree = "<group>"; };
		35055B3F3BB879250721AB10 /* StatusView.swift */ = {isa = PBXFileReference; lastKnownFileType = sourcecode.swift; path = StatusView.swift; sourceTree = "<group>"; };
		36025133B2E62925CAE4F99B /* Constants.swift */ = {isa = PBXFileReference; lastKnownFileType = sourcecode.swift; path = Constants.swift; sourceTree = "<group>"; };
		36367CF0F42A8AA00B5C6953 /* DefaultRouteRepair.swift */ = {isa = PBXFileReference; lastKnownFileType = sourcecode.swift; path = DefaultRouteRepair.swift; sourceTree = "<group>"; };
		369F6F78D631A4B0B7AC25B2 /* MonitorLoop.swift */ = {isa = PBXFileReference; lastKnownFileType = sourcecode.swift; path = MonitorLoop.swift; sourceTree = "<group>"; };
		3705BDF249A6E3E3BAC26B67 /* ConfigEditorView.swift */ = {isa = PBXFileReference; lastKnownFileType = sourcecode.swift; path = ConfigEditorView.swift; sourceTree = "<group>"; };
		3AE4A49FAAF03951184D4888 /* ConfigLoader.swift */ = {isa = PBXFileReference; lastKnownFileType = sourcecode.swift; path = ConfigLoader.swift; sourceTree = "<group>"; };
		3C2801D0C6C19E03C559EB13 /* ZscalerSplitTunnelTests.xctest */ = {isa = PBXFileReference; explicitFileType = wrapper.cfbundle; includeInIndex = 0; path = ZscalerSplitTunnelTests.xctest; sourceTree = BUILT_PRODUCTS_DIR; };
		3D766A5D11F156626BFC073E /* DeviceField.swift */ = {isa = PBXFileReference; lastKnownFileType = sourcecode.swift; path = DeviceField.swift; sourceTree = "<group>"; };
		3E1161006D298CAE83823215 /* OfficeModeTab.swift */ = {isa = PBXFileReference; lastKnownFileType = sourcecode.swift; path = OfficeModeTab.swift; sourceTree = "<group>"; };
		3EFBBC5945F841E5B3C79C79 /* CDPParser.swift */ = {isa = PBXFileReference; lastKnownFileType = sourcecode.swift; path = CDPParser.swift; sourceTree = "<group>"; };
		402F29765F54B12DA8FF0E2E /* RoutesListView.swift */ = {isa = PBXFileReference; lastKnownFileType = sourcecode.swift; path = RoutesListView.swift; sourceTree = "<group>"; };
		51A7394107CABE67A0C849CE /* WiFiDetector.swift */ = {isa = PBXFileReference; lastKnownFileType = sourcecode.swift; path = WiFiDetector.swift; sourceTree = "<group>"; };
		5AE18BF09CCA455A508A3625 /* ShellRunnerTests.swift */ = {isa = PBXFileReference; lastKnownFileType = sourcecode.swift; path = ShellRunnerTests.swift; sourceTree = "<group>"; };
		5E8CC8E1E202FD973DB9D5E3 /* DNSFlush.swift */ = {isa = PBXFileReference; lastKnownFileType = sourcecode.swift; path = DNSFlush.swift; sourceTree = "<group>"; };
		61B2D28E40B4F23E10769423 /* DeviceFieldPreferences.swift */ = {isa = PBXFileReference; lastKnownFileType = sourcecode.swift; path = DeviceFieldPreferences.swift; sourceTree = "<group>"; };
		62C37D6CA478635CA98681C6 /* RouteReset.swift */ = {isa = PBXFileReference; lastKnownFileType = sourcecode.swift; path = RouteReset.swift; sourceTree = "<group>"; };
		63B8A968F806D356449A0798 /* RouteEngine.swift */ = {isa = PBXFileReference; lastKnownFileType = sourcecode.swift; path = RouteEngine.swift; sourceTree = "<group>"; };
		6485E40BE3C0FC20299AD49D /* RouteInfo.swift */ = {isa = PBXFileReference; lastKnownFileType = sourcecode.swift; path = RouteInfo.swift; sourceTree = "<group>"; };
		67E4F4AF4ED0ED2716E91826 /* ConfigLoaderTests.swift */ = {isa = PBXFileReference; lastKnownFileType = sourcecode.swift; path = ConfigLoaderTests.swift; sourceTree = "<group>"; };
		6CA5A80B558447826FF03E85 /* ServiceManagement.framework */ = {isa = PBXFileReference; lastKnownFileType = wrapper.framework; name = ServiceManagement.framework; path = System/Library/Frameworks/ServiceManagement.framework; sourceTree = SDKROOT; };
		706D81400AFE1A7E0E77826A /* NetworkChangeMonitor.swift */ = {isa = PBXFileReference; lastKnownFileType = sourcecode.swift; path = NetworkChangeMonitor.swift; sourceTree = "<group>"; };
		7178BB39C75BD7C3E9433B06 /* ZscalerSplitTunnelHelperTests.xctest */ = {isa = PBXFileReference; explicitFileType = wrapper.cfbundle; includeInIndex = 0; path = ZscalerSplitTunnelHelperTests.xctest; sourceTree = BUILT_PRODUCTS_DIR; };
		725D72DA06B4F68E4A028B5D /* Network.framework */ = {isa = PBXFileReference; lastKnownFileType = wrapper.framework; name = Network.framework; path = System/Library/Frameworks/Network.framework; sourceTree = SDKROOT; };
		76A2A1B79305BB4AC5A7AA00 /* HelperStatusCacheTests.swift */ = {isa = PBXFileReference; lastKnownFileType = sourcecode.swift; path = HelperStatusCacheTests.swift; sourceTree = "<group>"; };
		79A0C157F5092CDDBE7C328E /* ZscalerProcessManager.swift */ = {isa = PBXFileReference; lastKnownFileType = sourcecode.swift; path = ZscalerProcessManager.swift; sourceTree = "<group>"; };
		7AF6FDEF33313670F0ACF124 /* PacketCapture.swift */ = {isa = PBXFileReference; lastKnownFileType = sourcecode.swift; path = PacketCapture.swift; sourceTree = "<group>"; };
		7DE05F7489E1A2FEBA9BF7CB /* ShellRunner.swift */ = {isa = PBXFileReference; lastKnownFileType = sourcecode.swift; path = ShellRunner.swift; sourceTree = "<group>"; };
		7E8BC7FE6199E76B81C7CC40 /* RecoveryNotificationService.swift */ = {isa = PBXFileReference; lastKnownFileType = sourcecode.swift; path = RecoveryNotificationService.swift; sourceTree = "<group>"; };
		7EFEC4E3534F0533AE48544C /* DefaultRouteRepairTests.swift */ = {isa = PBXFileReference; lastKnownFileType = sourcecode.swift; path = DefaultRouteRepairTests.swift; sourceTree = "<group>"; };
		81D1547C0BDA6D27CE7FCABC /* AddEntrySheet.swift */ = {isa = PBXFileReference; lastKnownFileType = sourcecode.swift; path = AddEntrySheet.swift; sourceTree = "<group>"; };
		8263A1294673FD2B67A79458 /* BuildInfo.swift */ = {isa = PBXFileReference; lastKnownFileType = sourcecode.swift; path = BuildInfo.swift; sourceTree = "<group>"; };
		8505BFD660895D27C55F9D51 /* SettingsView.swift */ = {isa = PBXFileReference; lastKnownFileType = sourcecode.swift; path = SettingsView.swift; sourceTree = "<group>"; };
		8C41676E200EF18A76D56F15 /* HelperInstaller.swift */ = {isa = PBXFileReference; lastKnownFileType = sourcecode.swift; path = HelperInstaller.swift; sourceTree = "<group>"; };
		8D3A8FC66628944751E0C667 /* OfficeNetworkDetector.swift */ = {isa = PBXFileReference; lastKnownFileType = sourcecode.swift; path = OfficeNetworkDetector.swift; sourceTree = "<group>"; };
		8FB2C7DA287EF39B963EEFAF /* DNSResolverTests.swift */ = {isa = PBXFileReference; lastKnownFileType = sourcecode.swift; path = DNSResolverTests.swift; sourceTree = "<group>"; };
		A6CACC854CCC59F099A26672 /* HelperStatusCache.swift */ = {isa = PBXFileReference; lastKnownFileType = sourcecode.swift; path = HelperStatusCache.swift; sourceTree = "<group>"; };
		A6F6178AC256EE526C9B0F4D /* BridgingHeader.h */ = {isa = PBXFileReference; lastKnownFileType = sourcecode.c.h; path = BridgingHeader.h; sourceTree = "<group>"; };
		A70AD92ADEA5AACD9B2A103B /* HelperConnection.swift */ = {isa = PBXFileReference; lastKnownFileType = sourcecode.swift; path = HelperConnection.swift; sourceTree = "<group>"; };
		A768C5D6CC321EB655621E93 /* HelperTool.swift */ = {isa = PBXFileReference; lastKnownFileType = sourcecode.swift; path = HelperTool.swift; sourceTree = "<group>"; };
		ABBEAC25477107623B650BCE /* HelperInstallerTests.swift */ = {isa = PBXFileReference; lastKnownFileType = sourcecode.swift; path = HelperInstallerTests.swift; sourceTree = "<group>"; };
		B5A8B2679A8FFB018FD60C4E /* NetworkDeviceTab.swift */ = {isa = PBXFileReference; lastKnownFileType = sourcecode.swift; path = NetworkDeviceTab.swift; sourceTree = "<group>"; };
		B6EB053484A1BF375FFDA9E5 /* IPValidation.swift */ = {isa = PBXFileReference; lastKnownFileType = sourcecode.swift; path = IPValidation.swift; sourceTree = "<group>"; };
		B7648F2DFFF87AA760F6658A /* AppDelegate.swift */ = {isa = PBXFileReference; lastKnownFileType = sourcecode.swift; path = AppDelegate.swift; sourceTree = "<group>"; };
		C1358732CAF769DFCBA44456 /* ZscalerSplitTunnel.app */ = {isa = PBXFileReference; explicitFileType = wrapper.application; includeInIndex = 0; path = ZscalerSplitTunnel.app; sourceTree = BUILT_PRODUCTS_DIR; };
		C85C77203378AF51E2A78185 /* BroadRouteManager.swift */ = {isa = PBXFileReference; lastKnownFileType = sourcecode.swift; path = BroadRouteManager.swift; sourceTree = "<group>"; };
		CD3BF3E104EB510C0674BCCC /* AppState.swift */ = {isa = PBXFileReference; lastKnownFileType = sourcecode.swift; path = AppState.swift; sourceTree = "<group>"; };
		CFB0B04869C3F2898F38CC00 /* IPValidator.swift */ = {isa = PBXFileReference; lastKnownFileType = sourcecode.swift; path = IPValidator.swift; sourceTree = "<group>"; };
		D2C151D0D47F7C428DA0DA3D /* DNSResolver.swift */ = {isa = PBXFileReference; lastKnownFileType = sourcecode.swift; path = DNSResolver.swift; sourceTree = "<group>"; };
		D6427B1BAD7568B4BAF2A72E /* ZscalerSplitTunnelHelper */ = {isa = PBXFileReference; includeInIndex = 0; path = ZscalerSplitTunnelHelper; sourceTree = BUILT_PRODUCTS_DIR; };
		D9A0CBBF060A06E3ABAD0285 /* RemoteRouteFetcher.swift */ = {isa = PBXFileReference; lastKnownFileType = sourcecode.swift; path = RemoteRouteFetcher.swift; sourceTree = "<group>"; };
		DC4365D5243E404771C030B1 /* ConfigEntry.swift */ = {isa = PBXFileReference; lastKnownFileType = sourcecode.swift; path = ConfigEntry.swift; sourceTree = "<group>"; };
		E285333A9666D9DBABE2486F /* LLDPParser.swift */ = {isa = PBXFileReference; lastKnownFileType = sourcecode.swift; path = LLDPParser.swift; sourceTree = "<group>"; };
		E6610E2F4B6D75B364E7D148 /* main.swift */ = {isa = PBXFileReference; lastKnownFileType = sourcecode.swift; path = main.swift; sourceTree = "<group>"; };
		EC472DA44A91A33E8615D785 /* ConfigFile.swift */ = {isa = PBXFileReference; lastKnownFileType = sourcecode.swift; path = ConfigFile.swift; sourceTree = "<group>"; };
		F3A7927FA910B6CD8A7FA66E /* ZscalerServiceManager.swift */ = {isa = PBXFileReference; lastKnownFileType = sourcecode.swift; path = ZscalerServiceManager.swift; sourceTree = "<group>"; };
		F56223CC1AE4E916FF34C088 /* main.swift */ = {isa = PBXFileReference; lastKnownFileType = sourcecode.swift; path = main.swift; sourceTree = "<group>"; };
		F611D2537433232A6BAD3171 /* MenuBarView.swift */ = {isa = PBXFileReference; lastKnownFileType = sourcecode.swift; path = MenuBarView.swift; sourceTree = "<group>"; };
		F9FFF8C2D19E3728D7EBD57A /* NetworkDetector.swift */ = {isa = PBXFileReference; lastKnownFileType = sourcecode.swift; path = NetworkDetector.swift; sourceTree = "<group>"; };
		FB03AE888CC51567A99E2C1D /* DiscoveredDevice.swift */ = {isa = PBXFileReference; lastKnownFileType = sourcecode.swift; path = DiscoveredDevice.swift; sourceTree = "<group>"; };
/* End PBXFileReference section */

/* Begin PBXFrameworksBuildPhase section */
		A05BEF2C4F074DDC16B755F7 /* Frameworks */ = {
			isa = PBXFrameworksBuildPhase;
			buildActionMask = 2147483647;
			files = (
				B21C751613C630EF8B6831B4 /* Network.framework in Frameworks */,
				46E2E9925977AF62F9CB9CD7 /* ServiceManagement.framework in Frameworks */,
			);
			runOnlyForDeploymentPostprocessing = 0;
		};
/* End PBXFrameworksBuildPhase section */

/* Begin PBXGroup section */
		183603DEEF55EF7BCDF7CFAC /* Frameworks */ = {
			isa = PBXGroup;
			children = (
				725D72DA06B4F68E4A028B5D /* Network.framework */,
				6CA5A80B558447826FF03E85 /* ServiceManagement.framework */,
			);
			name = Frameworks;
			sourceTree = "<group>";
		};
		287FDAB2E43609D2FB9E5106 /* Views */ = {
			isa = PBXGroup;
			children = (
				81D1547C0BDA6D27CE7FCABC /* AddEntrySheet.swift */,
				3705BDF249A6E3E3BAC26B67 /* ConfigEditorView.swift */,
				F611D2537433232A6BAD3171 /* MenuBarView.swift */,
				B5A8B2679A8FFB018FD60C4E /* NetworkDeviceTab.swift */,
				3E1161006D298CAE83823215 /* OfficeModeTab.swift */,
				402F29765F54B12DA8FF0E2E /* RoutesListView.swift */,
				8505BFD660895D27C55F9D51 /* SettingsView.swift */,
				35055B3F3BB879250721AB10 /* StatusView.swift */,
			);
			path = Views;
			sourceTree = "<group>";
		};
		2D2C4C230E54ADF5FED9C47D /* ZscalerSplitTunnelTests */ = {
			isa = PBXGroup;
			children = (
				ABBEAC25477107623B650BCE /* HelperInstallerTests.swift */,
			);
			path = ZscalerSplitTunnelTests;
			sourceTree = "<group>";
		};
		448B6955BE294E43933E674A /* ViewModels */ = {
			isa = PBXGroup;
			children = (
				CD3BF3E104EB510C0674BCCC /* AppState.swift */,
				61B2D28E40B4F23E10769423 /* DeviceFieldPreferences.swift */,
				A70AD92ADEA5AACD9B2A103B /* HelperConnection.swift */,
			);
			path = ViewModels;
			sourceTree = "<group>";
		};
		7575FB8E55B26D1C895D4726 /* ZscalerSplitTunnelHelperTests */ = {
			isa = PBXGroup;
			children = (
				67E4F4AF4ED0ED2716E91826 /* ConfigLoaderTests.swift */,
				7EFEC4E3534F0533AE48544C /* DefaultRouteRepairTests.swift */,
				8FB2C7DA287EF39B963EEFAF /* DNSResolverTests.swift */,
				76A2A1B79305BB4AC5A7AA00 /* HelperStatusCacheTests.swift */,
				341D0208B35DF13F2D6F7CE0 /* RouteEngineTests.swift */,
				5AE18BF09CCA455A508A3625 /* ShellRunnerTests.swift */,
			);
			path = ZscalerSplitTunnelHelperTests;
			sourceTree = "<group>";
		};
		8791BEF57892B321112816CB /* ZscalerSplitTunnel */ = {
			isa = PBXGroup;
			children = (
				E72D68D5C03DB8D750246FB3 /* App */,
				BFECCBA76F222F095F18DA6A /* Models */,
				B50272AC2A48064C4B9CE528 /* Resources */,
				E75F16EF72E0A46D01B25338 /* Services */,
				D1E7AE5B947FE66FD9D3510B /* Utilities */,
				448B6955BE294E43933E674A /* ViewModels */,
				287FDAB2E43609D2FB9E5106 /* Views */,
			);
			path = ZscalerSplitTunnel;
			sourceTree = "<group>";
		};
		94BA637D9A0238AE226AB389 /* ZscalerSplitTunnelHelper */ = {
			isa = PBXGroup;
			children = (
				A6F6178AC256EE526C9B0F4D /* BridgingHeader.h */,
				C85C77203378AF51E2A78185 /* BroadRouteManager.swift */,
				3AE4A49FAAF03951184D4888 /* ConfigLoader.swift */,
				36367CF0F42A8AA00B5C6953 /* DefaultRouteRepair.swift */,
				5E8CC8E1E202FD973DB9D5E3 /* DNSFlush.swift */,
				D2C151D0D47F7C428DA0DA3D /* DNSResolver.swift */,
				A6CACC854CCC59F099A26672 /* HelperStatusCache.swift */,
				A768C5D6CC321EB655621E93 /* HelperTool.swift */,
				CFB0B04869C3F2898F38CC00 /* IPValidator.swift */,
				E6610E2F4B6D75B364E7D148 /* main.swift */,
				369F6F78D631A4B0B7AC25B2 /* MonitorLoop.swift */,
				706D81400AFE1A7E0E77826A /* NetworkChangeMonitor.swift */,
				F9FFF8C2D19E3728D7EBD57A /* NetworkDetector.swift */,
				D9A0CBBF060A06E3ABAD0285 /* RemoteRouteFetcher.swift */,
				63B8A968F806D356449A0798 /* RouteEngine.swift */,
				62C37D6CA478635CA98681C6 /* RouteReset.swift */,
				7DE05F7489E1A2FEBA9BF7CB /* ShellRunner.swift */,
				F3A7927FA910B6CD8A7FA66E /* ZscalerServiceManager.swift */,
				AA7E84DC5937DAE5CA947D16 /* Discovery */,
			);
			path = ZscalerSplitTunnelHelper;
			sourceTree = "<group>";
		};
		AA7E84DC5937DAE5CA947D16 /* Discovery */ = {
			isa = PBXGroup;
			children = (
				3EFBBC5945F841E5B3C79C79 /* CDPParser.swift */,
				FB03AE888CC51567A99E2C1D /* DiscoveredDevice.swift */,
				E285333A9666D9DBABE2486F /* LLDPParser.swift */,
				8D3A8FC66628944751E0C667 /* OfficeNetworkDetector.swift */,
				7AF6FDEF33313670F0ACF124 /* PacketCapture.swift */,
				51A7394107CABE67A0C849CE /* WiFiDetector.swift */,
			);
			path = Discovery;
			sourceTree = "<group>";
		};
		B50272AC2A48064C4B9CE528 /* Resources */ = {
			isa = PBXGroup;
			children = (
			);
			path = Resources;
			sourceTree = "<group>";
		};
		B744DD3B3A8131259DA4D9D8 /* Products */ = {
			isa = PBXGroup;
			children = (
				0AD5582139DF4729A0D15604 /* Reset Background Tasks */,
				C1358732CAF769DFCBA44456 /* ZscalerSplitTunnel.app */,
				D6427B1BAD7568B4BAF2A72E /* ZscalerSplitTunnelHelper */,
				7178BB39C75BD7C3E9433B06 /* ZscalerSplitTunnelHelperTests.xctest */,
				3C2801D0C6C19E03C559EB13 /* ZscalerSplitTunnelTests.xctest */,
			);
			name = Products;
			sourceTree = "<group>";
		};
		BFECCBA76F222F095F18DA6A /* Models */ = {
			isa = PBXGroup;
			children = (
				320ED541D2452582E1D2BF6F /* BroadRoute.swift */,
				DC4365D5243E404771C030B1 /* ConfigEntry.swift */,
				EC472DA44A91A33E8615D785 /* ConfigFile.swift */,
				6485E40BE3C0FC20299AD49D /* RouteInfo.swift */,
			);
			path = Models;
			sourceTree = "<group>";
		};
		C5D0291D84787FAA0AB6D238 /* Shared */ = {
			isa = PBXGroup;
			children = (
				8263A1294673FD2B67A79458 /* BuildInfo.swift */,
				11E9EAD53B9188BC1EA7BFEC /* ConfigPaths.swift */,
				36025133B2E62925CAE4F99B /* Constants.swift */,
				3D766A5D11F156626BFC073E /* DeviceField.swift */,
				0C25FF9FC9BEB262D15730E2 /* DiscoveredDeviceInfo.swift */,
				126D6BD713F641816F2090E7 /* XPCProtocol.swift */,
				224E97715CF8DAC19D977D14 /* XPCTypes.swift */,
			);
			path = Shared;
			sourceTree = "<group>";
		};
		CEC8C1AF03E7253AB4DE7811 /* ResetBackgroundTasks */ = {
			isa = PBXGroup;
			children = (
				F56223CC1AE4E916FF34C088 /* main.swift */,
			);
			path = ResetBackgroundTasks;
			sourceTree = "<group>";
		};
		D1E7AE5B947FE66FD9D3510B /* Utilities */ = {
			isa = PBXGroup;
			children = (
				B6EB053484A1BF375FFDA9E5 /* IPValidation.swift */,
			);
			path = Utilities;
			sourceTree = "<group>";
		};
		E72D68D5C03DB8D750246FB3 /* App */ = {
			isa = PBXGroup;
			children = (
				B7648F2DFFF87AA760F6658A /* AppDelegate.swift */,
				1E0267894E6C00F4D435F91E /* ZscalerSplitTunnelApp.swift */,
			);
			path = App;
			sourceTree = "<group>";
		};
		E75F16EF72E0A46D01B25338 /* Services */ = {
			isa = PBXGroup;
			children = (
				1B460EB8BE7D9A4A2CA6F4F7 /* ConfigService.swift */,
				8C41676E200EF18A76D56F15 /* HelperInstaller.swift */,
				1607BE156D96C7F1A0B0E0BD /* NetworkMonitor.swift */,
				7E8BC7FE6199E76B81C7CC40 /* RecoveryNotificationService.swift */,
				79A0C157F5092CDDBE7C328E /* ZscalerProcessManager.swift */,
			);
			path = Services;
			sourceTree = "<group>";
		};
		F7F79C263FB1A2FC85D9007A = {
			isa = PBXGroup;
			children = (
				CEC8C1AF03E7253AB4DE7811 /* ResetBackgroundTasks */,
				C5D0291D84787FAA0AB6D238 /* Shared */,
				8791BEF57892B321112816CB /* ZscalerSplitTunnel */,
				94BA637D9A0238AE226AB389 /* ZscalerSplitTunnelHelper */,
				7575FB8E55B26D1C895D4726 /* ZscalerSplitTunnelHelperTests */,
				2D2C4C230E54ADF5FED9C47D /* ZscalerSplitTunnelTests */,
				183603DEEF55EF7BCDF7CFAC /* Frameworks */,
				B744DD3B3A8131259DA4D9D8 /* Products */,
			);
			sourceTree = "<group>";
		};
/* End PBXGroup section */

/* Begin PBXNativeTarget section */
		004C5D2A4FD9AD6B7B161680 /* ZscalerSplitTunnel */ = {
			isa = PBXNativeTarget;
			buildConfigurationList = 5A8F91827C1F2FF88CE745C6 /* Build configuration list for PBXNativeTarget "ZscalerSplitTunnel" */;
			buildPhases = (
				B32C15492973C02A2DB4A519 /* Sources */,
				A05BEF2C4F074DDC16B755F7 /* Frameworks */,
				BF9EB4E0724DF0413C0B0AB6 /* Copy Helper and Daemon Plist */,
			);
			buildRules = (
			);
			dependencies = (
				62E5CE32E3852D6F34BDFAA5 /* PBXTargetDependency */,
			);
			name = ZscalerSplitTunnel;
			packageProductDependencies = (
			);
			productName = ZscalerSplitTunnel;
			productReference = C1358732CAF769DFCBA44456 /* ZscalerSplitTunnel.app */;
			productType = "com.apple.product-type.application";
		};
		A7127AB62170FA7A43B2A674 /* ZscalerSplitTunnelTests */ = {
			isa = PBXNativeTarget;
			buildConfigurationList = 23A902CB98CBDF295FDD3063 /* Build configuration list for PBXNativeTarget "ZscalerSplitTunnelTests" */;
			buildPhases = (
				E071B8FF32486772F33553AF /* Sources */,
			);
			buildRules = (
			);
			dependencies = (
			);
			name = ZscalerSplitTunnelTests;
			packageProductDependencies = (
			);
			productName = ZscalerSplitTunnelTests;
			productReference = 3C2801D0C6C19E03C559EB13 /* ZscalerSplitTunnelTests.xctest */;
			productType = "com.apple.product-type.bundle.unit-test";
		};
		BF7EB414833364820433F0E6 /* ZscalerSplitTunnelHelperTests */ = {
			isa = PBXNativeTarget;
			buildConfigurationList = F69430D5F26711B503FFCD24 /* Build configuration list for PBXNativeTarget "ZscalerSplitTunnelHelperTests" */;
			buildPhases = (
				6CF76028B97429949BAFB608 /* Sources */,
			);
			buildRules = (
			);
			dependencies = (
			);
			name = ZscalerSplitTunnelHelperTests;
			packageProductDependencies = (
			);
			productName = ZscalerSplitTunnelHelperTests;
			productReference = 7178BB39C75BD7C3E9433B06 /* ZscalerSplitTunnelHelperTests.xctest */;
			productType = "com.apple.product-type.bundle.unit-test";
		};
		EB2056F887C9D3AF8F6F9643 /* Reset Background Tasks */ = {
			isa = PBXNativeTarget;
			buildConfigurationList = EF4CDE88BD2C66B40A4E9AB0 /* Build configuration list for PBXNativeTarget "Reset Background Tasks" */;
			buildPhases = (
				21ABFD1A67164DA45DBAFB39 /* Sources */,
				E3957802ACE762B16E13278E /* Reset Background Task Management */,
			);
			buildRules = (
			);
			dependencies = (
			);
			name = "Reset Background Tasks";
			packageProductDependencies = (
			);
			productName = "Reset Background Tasks";
			productReference = 0AD5582139DF4729A0D15604 /* Reset Background Tasks */;
			productType = "com.apple.product-type.tool";
		};
		F81D63425C9B1F82D10EFACA /* ZscalerSplitTunnelHelper */ = {
			isa = PBXNativeTarget;
			buildConfigurationList = B183A71BCFF261AC5C9EC6D3 /* Build configuration list for PBXNativeTarget "ZscalerSplitTunnelHelper" */;
			buildPhases = (
				D811AB1B0CBBE07882BDCF61 /* Sources */,
			);
			buildRules = (
			);
			dependencies = (
			);
			name = ZscalerSplitTunnelHelper;
			packageProductDependencies = (
			);
			productName = ZscalerSplitTunnelHelper;
			productReference = D6427B1BAD7568B4BAF2A72E /* ZscalerSplitTunnelHelper */;
			productType = "com.apple.product-type.tool";
		};
/* End PBXNativeTarget section */

/* Begin PBXProject section */
		8F6DD5F12919B51C0C83E49B /* Project object */ = {
			isa = PBXProject;
			attributes = {
				BuildIndependentTargetsInParallel = YES;
				LastUpgradeCheck = 1600;
				TargetAttributes = {
					004C5D2A4FD9AD6B7B161680 = {
						DevelopmentTeam = 8A7FU99APT;
					};
					F81D63425C9B1F82D10EFACA = {
						DevelopmentTeam = 8A7FU99APT;
					};
				};
			};
			buildConfigurationList = 3112AFA493FD9E0C65B95CFC /* Build configuration list for PBXProject "ZscalerSplitTunnel" */;
			developmentRegion = en;
			hasScannedForEncodings = 0;
			knownRegions = (
				Base,
				en,
			);
			mainGroup = F7F79C263FB1A2FC85D9007A;
			minimizedProjectReferenceProxies = 1;
			preferredProjectObjectVersion = 77;
			productRefGroup = B744DD3B3A8131259DA4D9D8 /* Products */;
			projectDirPath = "";
			projectRoot = "";
			targets = (
				004C5D2A4FD9AD6B7B161680 /* ZscalerSplitTunnel */,
				F81D63425C9B1F82D10EFACA /* ZscalerSplitTunnelHelper */,
				EB2056F887C9D3AF8F6F9643 /* Reset Background Tasks */,
				BF7EB414833364820433F0E6 /* ZscalerSplitTunnelHelperTests */,
				A7127AB62170FA7A43B2A674 /* ZscalerSplitTunnelTests */,
			);
		};
/* End PBXProject section */

/* Begin PBXShellScriptBuildPhase section */
		BF9EB4E0724DF0413C0B0AB6 /* Copy Helper and Daemon Plist */ = {
			isa = PBXShellScriptBuildPhase;
			alwaysOutOfDate = 1;
			buildActionMask = 2147483647;
			files = (
			);
			inputFileListPaths = (
			);
			inputPaths = (
				"$(BUILT_PRODUCTS_DIR)/com.zscaler-split-tunnel.helper",
				"$(UNINSTALLED_PRODUCTS_DIR)/macosx/com.zscaler-split-tunnel.helper",
				"$(SRCROOT)/ZscalerSplitTunnelHelper/Launchd.plist",
			);
			name = "Copy Helper and Daemon Plist";
			outputFileListPaths = (
			);
			outputPaths = (
				"$(TARGET_BUILD_DIR)/$(WRAPPER_NAME)/Contents/MacOS/com.zscaler-split-tunnel.helper",
				"$(TARGET_BUILD_DIR)/$(WRAPPER_NAME)/Contents/Library/LaunchDaemons/com.zscaler-split-tunnel.helper.plist",
			);
			runOnlyForDeploymentPostprocessing = 0;
			shellPath = /bin/sh;
			shellScript = "set -eu\n\napp_contents=\"${TARGET_BUILD_DIR}/${WRAPPER_NAME}/Contents\"\nhelper_binary=\"${BUILT_PRODUCTS_DIR}/com.zscaler-split-tunnel.helper\"\nif [ ! -f \"${helper_binary}\" ]; then\n  helper_binary=\"${UNINSTALLED_PRODUCTS_DIR}/macosx/com.zscaler-split-tunnel.helper\"\nfi\n\nmkdir -p \"${app_contents}/MacOS\"\ncp \"${helper_binary}\" \"${app_contents}/MacOS/\"\nmkdir -p \"${app_contents}/Library/LaunchDaemons\"\ncp \"${SRCROOT}/ZscalerSplitTunnelHelper/Launchd.plist\" \"${app_contents}/Library/LaunchDaemons/com.zscaler-split-tunnel.helper.plist\"\n";
		};
		E3957802ACE762B16E13278E /* Reset Background Task Management */ = {
			isa = PBXShellScriptBuildPhase;
			alwaysOutOfDate = 1;
			buildActionMask = 2147483647;
			files = (
			);
			inputFileListPaths = (
			);
			inputPaths = (
				"$(SRCROOT)/Scripts/reset-background-tasks.sh",
			);
			name = "Reset Background Task Management";
			outputFileListPaths = (
			);
			outputPaths = (
			);
			runOnlyForDeploymentPostprocessing = 0;
			shellPath = /bin/sh;
			shellScript = "\"${SRCROOT}/Scripts/reset-background-tasks.sh\"\n";
		};
/* End PBXShellScriptBuildPhase section */

/* Begin PBXSourcesBuildPhase section */
		21ABFD1A67164DA45DBAFB39 /* Sources */ = {
			isa = PBXSourcesBuildPhase;
			buildActionMask = 2147483647;
			files = (
				BE1AD88346F9EB38F46E13AA /* main.swift in Sources */,
			);
			runOnlyForDeploymentPostprocessing = 0;
		};
		6CF76028B97429949BAFB608 /* Sources */ = {
			isa = PBXSourcesBuildPhase;
			buildActionMask = 2147483647;
			files = (
				D26FD193C48DA312B0FF240B /* ConfigLoader.swift in Sources */,
				695254C77651B99406A82694 /* ConfigLoaderTests.swift in Sources */,
				83A18AA1EA6BACE2FFDD567D /* ConfigPaths.swift in Sources */,
				27D3B4988E2BB90869D174A8 /* Constants.swift in Sources */,
				020143BB443055DDCBF73492 /* DNSResolver.swift in Sources */,
				6E7C2FD45DB60DE5AE0F7C71 /* DNSResolverTests.swift in Sources */,
				66C67EBC13236381BEC4B146 /* DefaultRouteRepair.swift in Sources */,
				15CA0250194EFBE8E43E0962 /* DefaultRouteRepairTests.swift in Sources */,
				CB407F20DA0A180704860E14 /* HelperStatusCache.swift in Sources */,
				BB72963807DF233F437405EA /* HelperStatusCacheTests.swift in Sources */,
				3A79631B55EA30D7A28DAA4B /* IPValidator.swift in Sources */,
				E5AD9C656CB0A1DCB92DD942 /* RemoteRouteFetcher.swift in Sources */,
				FB4AAD7C49F62B6DC87D6A11 /* RouteEngine.swift in Sources */,
				F17379F840CA601A95B87AF2 /* RouteEngineTests.swift in Sources */,
				E24ED6F33D219DD5043D983E /* RouteReset.swift in Sources */,
				740F681AA3A8DDC534767B3A /* ShellRunner.swift in Sources */,
				2D81411F1AA8B81D7425121E /* ShellRunnerTests.swift in Sources */,
			);
			runOnlyForDeploymentPostprocessing = 0;
		};
		B32C15492973C02A2DB4A519 /* Sources */ = {
			isa = PBXSourcesBuildPhase;
			buildActionMask = 2147483647;
			files = (
				C064534DA043A9692355FCB9 /* AddEntrySheet.swift in Sources */,
				9A51E3F5DB8641BA147A411D /* AppDelegate.swift in Sources */,
				307ED058E386CD724D51207C /* AppState.swift in Sources */,
				E4799B874759816452A68970 /* BroadRoute.swift in Sources */,
				7E7E924E2E23F2E5F2ADA4DC /* BuildInfo.swift in Sources */,
				A32A61DD0C12B6D7EDA817F0 /* ConfigEditorView.swift in Sources */,
				46B6E24159BF8698E983433B /* ConfigEntry.swift in Sources */,
				78E31F320AC05EC8990B3096 /* ConfigFile.swift in Sources */,
				EBE10272A9F09B876A85A1FB /* ConfigPaths.swift in Sources */,
				17C19AC1226281E29B8EC6ED /* ConfigService.swift in Sources */,
				2063BD090AA7FA0D89A6EC4E /* Constants.swift in Sources */,
				A0CE0A682591FB5583065BA5 /* DeviceField.swift in Sources */,
				97497CE3AE143CC08C7DEA3F /* DeviceFieldPreferences.swift in Sources */,
				DCA288235189494C80A9F18E /* DiscoveredDeviceInfo.swift in Sources */,
				1256C7DF0D353B1D197860D7 /* HelperConnection.swift in Sources */,
				ACE1A1C21A148D0D8BA7AAD3 /* HelperInstaller.swift in Sources */,
				3309A72BCEADCBBD0D6D3930 /* IPValidation.swift in Sources */,
				BE8E472D13CA962B7BAD8E02 /* MenuBarView.swift in Sources */,
				9A21F9F0E38934B7551BFA11 /* NetworkDeviceTab.swift in Sources */,
				CDEC725C9D07CB967535A7AF /* NetworkMonitor.swift in Sources */,
				4608FAAAC91BFECD7C039AAA /* OfficeModeTab.swift in Sources */,
				8D7962C008DD5747D479DD61 /* RecoveryNotificationService.swift in Sources */,
				BCAC687A77FEFF86475F16A0 /* RouteInfo.swift in Sources */,
				6D74151F45604B59AE551F06 /* RoutesListView.swift in Sources */,
				63302E31DE378916A530BC2E /* SettingsView.swift in Sources */,
				1F1616FE9A826F3E2C395A52 /* StatusView.swift in Sources */,
				B40A9D3DD7DA2C841D02BEF4 /* XPCProtocol.swift in Sources */,
				B3396BF8F69A7213F42780ED /* XPCTypes.swift in Sources */,
				AC0DDF9491EF6776F5F5EF62 /* ZscalerProcessManager.swift in Sources */,
				5535DF5F141D83700EF34C0F /* ZscalerSplitTunnelApp.swift in Sources */,
			);
			runOnlyForDeploymentPostprocessing = 0;
		};
		D811AB1B0CBBE07882BDCF61 /* Sources */ = {
			isa = PBXSourcesBuildPhase;
			buildActionMask = 2147483647;
			files = (
				11EA09E2B70BEA2684DF5207 /* BroadRouteManager.swift in Sources */,
				F5526F9DD1E0351CA1151366 /* BuildInfo.swift in Sources */,
				50A484F9EBECCCCB377C46C4 /* CDPParser.swift in Sources */,
				72726C63E3458F59C0F589A7 /* ConfigLoader.swift in Sources */,
				139067A681BEEC767ADA6B37 /* ConfigPaths.swift in Sources */,
				9F1349AC19DED285D0BB75EE /* Constants.swift in Sources */,
				E353C142EF6338D648822168 /* DNSFlush.swift in Sources */,
				D358F82A6B7639846E1A42DF /* DNSResolver.swift in Sources */,
				AA9665D7624A6EFE964A06B7 /* DefaultRouteRepair.swift in Sources */,
				7B277C5D0F4B2EACAA10778E /* DeviceField.swift in Sources */,
				6D59A76123A203743736F9EB /* DiscoveredDevice.swift in Sources */,
				6E48600B9B95A6DA2715FC20 /* DiscoveredDeviceInfo.swift in Sources */,
				ED06CAB5B6DAE8AE695121DC /* HelperStatusCache.swift in Sources */,
				FE5D5CC2E8B54EB8A955D5AD /* HelperTool.swift in Sources */,
				B90BBC568F27AF39C6FD264E /* IPValidator.swift in Sources */,
				E0656C9457BE630CCEE05BAD /* LLDPParser.swift in Sources */,
				8515F186474F4F5E825956EC /* MonitorLoop.swift in Sources */,
				6248C35F6D1D966A4D285FE4 /* NetworkChangeMonitor.swift in Sources */,
				BC27AFFCD6533A313E80EC82 /* NetworkDetector.swift in Sources */,
				70403435D4EA296E98789134 /* OfficeNetworkDetector.swift in Sources */,
				3197E0A57A209A3DC770892A /* PacketCapture.swift in Sources */,
				9642168AE515F605D420CEFC /* RemoteRouteFetcher.swift in Sources */,
				B3A90D42C6EE219CF9EBC8C7 /* RouteEngine.swift in Sources */,
				B6F05C85F3DD5AC9CE74436A /* RouteReset.swift in Sources */,
				39F16B8EBA377031E76DD508 /* ShellRunner.swift in Sources */,
				AE115ECF3538358E59B46F15 /* WiFiDetector.swift in Sources */,
				AD156C10DF47843BA945D80C /* XPCProtocol.swift in Sources */,
				C2F1D0A45AA4684D189A60AC /* XPCTypes.swift in Sources */,
				9B3053DDBEA6018518EE71F8 /* ZscalerServiceManager.swift in Sources */,
				7DAEAB25FD49CE1F82484A16 /* main.swift in Sources */,
			);
			runOnlyForDeploymentPostprocessing = 0;
		};
		E071B8FF32486772F33553AF /* Sources */ = {
			isa = PBXSourcesBuildPhase;
			buildActionMask = 2147483647;
			files = (
				6ECA86F02F3D8DD811CF37F5 /* Constants.swift in Sources */,
				BF2CCDA2E1B79F11F0EF3623 /* HelperInstaller.swift in Sources */,
				4842503A62EACBDDD8CCAD76 /* HelperInstallerTests.swift in Sources */,
			);
			runOnlyForDeploymentPostprocessing = 0;
		};
/* End PBXSourcesBuildPhase section */

/* Begin PBXTargetDependency section */
		62E5CE32E3852D6F34BDFAA5 /* PBXTargetDependency */ = {
			isa = PBXTargetDependency;
			target = F81D63425C9B1F82D10EFACA /* ZscalerSplitTunnelHelper */;
			targetProxy = E55702C06DE4DB4A933A491A /* PBXContainerItemProxy */;
		};
/* End PBXTargetDependency section */

/* Begin XCBuildConfiguration section */
		126599875150D0DE94A28EBF /* Debug */ = {
			isa = XCBuildConfiguration;
			buildSettings = {
				ASSETCATALOG_COMPILER_APPICON_NAME = AppIcon;
				CODE_SIGN_ENTITLEMENTS = ZscalerSplitTunnel/Resources/ZscalerSplitTunnel.entitlements;
				CODE_SIGN_IDENTITY = "Apple Development";
				COMBINE_HIDPI_IMAGES = YES;
				DEVELOPMENT_TEAM = 8A7FU99APT;
				ENABLE_HARDENED_RUNTIME = YES;
				GENERATE_INFOPLIST_FILE = NO;
				INFOPLIST_FILE = ZscalerSplitTunnel/Resources/Info.plist;
				LD_RUNPATH_SEARCH_PATHS = "$(inherited) @executable_path/../Frameworks";
				PRODUCT_BUNDLE_IDENTIFIER = "com.zscaler-split-tunnel.app";
				PRODUCT_NAME = "Zscaler Split Tunnel";
				SDKROOT = macosx;
			};
			name = Debug;
		};
		29C5F245A9D8ABB71FB5E127 /* Debug */ = {
			isa = XCBuildConfiguration;
			buildSettings = {
				CODE_SIGNING_ALLOWED = NO;
				COMBINE_HIDPI_IMAGES = YES;
				ENABLE_USER_SCRIPT_SANDBOXING = NO;
				LD_RUNPATH_SEARCH_PATHS = (
					"$(inherited)",
					"@executable_path/../Frameworks",
				);
				PRODUCT_BUNDLE_IDENTIFIER = "com.zscaler-split-tunnel.ResetBackgroundTasks";
				PRODUCT_NAME = ResetBackgroundTasks;
				SDKROOT = macosx;
			};
			name = Debug;
		};
		613DA295C5681D2CDD9672A6 /* Release */ = {
			isa = XCBuildConfiguration;
			buildSettings = {
				ALWAYS_SEARCH_USER_PATHS = NO;
				CLANG_ANALYZER_NONNULL = YES;
				CLANG_ANALYZER_NUMBER_OBJECT_CONVERSION = YES_AGGRESSIVE;
				CLANG_CXX_LANGUAGE_STANDARD = "gnu++14";
				CLANG_CXX_LIBRARY = "libc++";
				CLANG_ENABLE_MODULES = YES;
				CLANG_ENABLE_OBJC_ARC = YES;
				CLANG_ENABLE_OBJC_WEAK = YES;
				CLANG_WARN_BLOCK_CAPTURE_AUTORELEASING = YES;
				CLANG_WARN_BOOL_CONVERSION = YES;
				CLANG_WARN_COMMA = YES;
				CLANG_WARN_CONSTANT_CONVERSION = YES;
				CLANG_WARN_DEPRECATED_OBJC_IMPLEMENTATIONS = YES;
				CLANG_WARN_DIRECT_OBJC_ISA_USAGE = YES_ERROR;
				CLANG_WARN_DOCUMENTATION_COMMENTS = YES;
				CLANG_WARN_EMPTY_BODY = YES;
				CLANG_WARN_ENUM_CONVERSION = YES;
				CLANG_WARN_INFINITE_RECURSION = YES;
				CLANG_WARN_INT_CONVERSION = YES;
				CLANG_WARN_NON_LITERAL_NULL_CONVERSION = YES;
				CLANG_WARN_OBJC_IMPLICIT_RETAIN_SELF = YES;
				CLANG_WARN_OBJC_LITERAL_CONVERSION = YES;
				CLANG_WARN_OBJC_ROOT_CLASS = YES_ERROR;
				CLANG_WARN_QUOTED_INCLUDE_IN_FRAMEWORK_HEADER = YES;
				CLANG_WARN_RANGE_LOOP_ANALYSIS = YES;
				CLANG_WARN_STRICT_PROTOTYPES = YES;
				CLANG_WARN_SUSPICIOUS_MOVE = YES;
				CLANG_WARN_UNGUARDED_AVAILABILITY = YES_AGGRESSIVE;
				CLANG_WARN_UNREACHABLE_CODE = YES;
				CLANG_WARN__DUPLICATE_METHOD_MATCH = YES;
				COPY_PHASE_STRIP = NO;
				DEBUG_INFORMATION_FORMAT = "dwarf-with-dsym";
				ENABLE_NS_ASSERTIONS = NO;
				ENABLE_STRICT_OBJC_MSGSEND = YES;
				GCC_C_LANGUAGE_STANDARD = gnu11;
				GCC_NO_COMMON_BLOCKS = YES;
				GCC_WARN_64_TO_32_BIT_CONVERSION = YES;
				GCC_WARN_ABOUT_RETURN_TYPE = YES_ERROR;
				GCC_WARN_UNDECLARED_SELECTOR = YES;
				GCC_WARN_UNINITIALIZED_AUTOS = YES_AGGRESSIVE;
				GCC_WARN_UNUSED_FUNCTION = YES;
				GCC_WARN_UNUSED_VARIABLE = YES;
				MACOSX_DEPLOYMENT_TARGET = 14.0;
				MTL_ENABLE_DEBUG_INFO = NO;
				MTL_FAST_MATH = YES;
				PRODUCT_NAME = "$(TARGET_NAME)";
				SDKROOT = macosx;
				SWIFT_COMPILATION_MODE = wholemodule;
				SWIFT_OPTIMIZATION_LEVEL = "-O";
				SWIFT_VERSION = 6.0;
			};
			name = Release;
		};
		72FD3A2E723057005618D2BD /* Release */ = {
			isa = XCBuildConfiguration;
			buildSettings = {
				BUNDLE_LOADER = "$(TEST_HOST)";
				CODE_SIGNING_ALLOWED = NO;
				COMBINE_HIDPI_IMAGES = YES;
				GENERATE_INFOPLIST_FILE = YES;
				LD_RUNPATH_SEARCH_PATHS = (
					"$(inherited)",
					"@executable_path/../Frameworks",
					"@loader_path/../Frameworks",
				);
				PRODUCT_BUNDLE_IDENTIFIER = "com.zscaler-split-tunnel.app.tests";
				SDKROOT = macosx;
			};
			name = Release;
		};
		805E137966DC479D1A150758 /* Release */ = {
			isa = XCBuildConfiguration;
			buildSettings = {
				BUNDLE_LOADER = "$(TEST_HOST)";
				CODE_SIGNING_ALLOWED = NO;
				COMBINE_HIDPI_IMAGES = YES;
				GENERATE_INFOPLIST_FILE = YES;
				LD_RUNPATH_SEARCH_PATHS = (
					"$(inherited)",
					"@executable_path/../Frameworks",
					"@loader_path/../Frameworks",
				);
				PRODUCT_BUNDLE_IDENTIFIER = "com.zscaler-split-tunnel.helper.tests";
				SDKROOT = macosx;
			};
			name = Release;
		};
		A39D28CE6E8172587D15A3D9 /* Debug */ = {
			isa = XCBuildConfiguration;
			buildSettings = {
				ALWAYS_SEARCH_USER_PATHS = NO;
				CLANG_ANALYZER_NONNULL = YES;
				CLANG_ANALYZER_NUMBER_OBJECT_CONVERSION = YES_AGGRESSIVE;
				CLANG_CXX_LANGUAGE_STANDARD = "gnu++14";
				CLANG_CXX_LIBRARY = "libc++";
				CLANG_ENABLE_MODULES = YES;
				CLANG_ENABLE_OBJC_ARC = YES;
				CLANG_ENABLE_OBJC_WEAK = YES;
				CLANG_WARN_BLOCK_CAPTURE_AUTORELEASING = YES;
				CLANG_WARN_BOOL_CONVERSION = YES;
				CLANG_WARN_COMMA = YES;
				CLANG_WARN_CONSTANT_CONVERSION = YES;
				CLANG_WARN_DEPRECATED_OBJC_IMPLEMENTATIONS = YES;
				CLANG_WARN_DIRECT_OBJC_ISA_USAGE = YES_ERROR;
				CLANG_WARN_DOCUMENTATION_COMMENTS = YES;
				CLANG_WARN_EMPTY_BODY = YES;
				CLANG_WARN_ENUM_CONVERSION = YES;
				CLANG_WARN_INFINITE_RECURSION = YES;
				CLANG_WARN_INT_CONVERSION = YES;
				CLANG_WARN_NON_LITERAL_NULL_CONVERSION = YES;
				CLANG_WARN_OBJC_IMPLICIT_RETAIN_SELF = YES;
				CLANG_WARN_OBJC_LITERAL_CONVERSION = YES;
				CLANG_WARN_OBJC_ROOT_CLASS = YES_ERROR;
				CLANG_WARN_QUOTED_INCLUDE_IN_FRAMEWORK_HEADER = YES;
				CLANG_WARN_RANGE_LOOP_ANALYSIS = YES;
				CLANG_WARN_STRICT_PROTOTYPES = YES;
				CLANG_WARN_SUSPICIOUS_MOVE = YES;
				CLANG_WARN_UNGUARDED_AVAILABILITY = YES_AGGRESSIVE;
				CLANG_WARN_UNREACHABLE_CODE = YES;
				CLANG_WARN__DUPLICATE_METHOD_MATCH = YES;
				COPY_PHASE_STRIP = NO;
				DEBUG_INFORMATION_FORMAT = dwarf;
				ENABLE_STRICT_OBJC_MSGSEND = YES;
				ENABLE_TESTABILITY = YES;
				GCC_C_LANGUAGE_STANDARD = gnu11;
				GCC_DYNAMIC_NO_PIC = NO;
				GCC_NO_COMMON_BLOCKS = YES;
				GCC_OPTIMIZATION_LEVEL = 0;
				GCC_PREPROCESSOR_DEFINITIONS = (
					"$(inherited)",
					"DEBUG=1",
				);
				GCC_WARN_64_TO_32_BIT_CONVERSION = YES;
				GCC_WARN_ABOUT_RETURN_TYPE = YES_ERROR;
				GCC_WARN_UNDECLARED_SELECTOR = YES;
				GCC_WARN_UNINITIALIZED_AUTOS = YES_AGGRESSIVE;
				GCC_WARN_UNUSED_FUNCTION = YES;
				GCC_WARN_UNUSED_VARIABLE = YES;
				MACOSX_DEPLOYMENT_TARGET = 14.0;
				MTL_ENABLE_DEBUG_INFO = INCLUDE_SOURCE;
				MTL_FAST_MATH = YES;
				ONLY_ACTIVE_ARCH = YES;
				PRODUCT_NAME = "$(TARGET_NAME)";
				SDKROOT = macosx;
				SWIFT_ACTIVE_COMPILATION_CONDITIONS = DEBUG;
				SWIFT_OPTIMIZATION_LEVEL = "-Onone";
				SWIFT_VERSION = 6.0;
			};
			name = Debug;
		};
		AB21822CE6E5870CC123C1D9 /* Debug */ = {
			isa = XCBuildConfiguration;
			buildSettings = {
				BUNDLE_LOADER = "$(TEST_HOST)";
				CODE_SIGNING_ALLOWED = NO;
				COMBINE_HIDPI_IMAGES = YES;
				GENERATE_INFOPLIST_FILE = YES;
				LD_RUNPATH_SEARCH_PATHS = (
					"$(inherited)",
					"@executable_path/../Frameworks",
					"@loader_path/../Frameworks",
				);
				PRODUCT_BUNDLE_IDENTIFIER = "com.zscaler-split-tunnel.app.tests";
				SDKROOT = macosx;
			};
			name = Debug;
		};
		BE073BE9E255050DFB91F3CE /* Release */ = {
			isa = XCBuildConfiguration;
			buildSettings = {
				CODE_SIGNING_ALLOWED = NO;
				COMBINE_HIDPI_IMAGES = YES;
				ENABLE_USER_SCRIPT_SANDBOXING = NO;
				LD_RUNPATH_SEARCH_PATHS = (
					"$(inherited)",
					"@executable_path/../Frameworks",
				);
				PRODUCT_BUNDLE_IDENTIFIER = "com.zscaler-split-tunnel.ResetBackgroundTasks";
				PRODUCT_NAME = ResetBackgroundTasks;
				SDKROOT = macosx;
			};
			name = Release;
		};
		D6C0B66593858ADE6FAB16A8 /* Release */ = {
			isa = XCBuildConfiguration;
			buildSettings = {
				ASSETCATALOG_COMPILER_APPICON_NAME = AppIcon;
				CODE_SIGN_ENTITLEMENTS = ZscalerSplitTunnel/Resources/ZscalerSplitTunnel.entitlements;
				CODE_SIGN_IDENTITY = "Apple Development";
				COMBINE_HIDPI_IMAGES = YES;
				DEVELOPMENT_TEAM = 8A7FU99APT;
				ENABLE_HARDENED_RUNTIME = YES;
				GENERATE_INFOPLIST_FILE = NO;
				INFOPLIST_FILE = ZscalerSplitTunnel/Resources/Info.plist;
				LD_RUNPATH_SEARCH_PATHS = "$(inherited) @executable_path/../Frameworks";
				PRODUCT_BUNDLE_IDENTIFIER = "com.zscaler-split-tunnel.app";
				PRODUCT_NAME = "Zscaler Split Tunnel";
				SDKROOT = macosx;
			};
			name = Release;
		};
		DA2D23BAEC90B4697DABDE43 /* Debug */ = {
			isa = XCBuildConfiguration;
			buildSettings = {
				BUNDLE_LOADER = "$(TEST_HOST)";
				CODE_SIGNING_ALLOWED = NO;
				COMBINE_HIDPI_IMAGES = YES;
				GENERATE_INFOPLIST_FILE = YES;
				LD_RUNPATH_SEARCH_PATHS = (
					"$(inherited)",
					"@executable_path/../Frameworks",
					"@loader_path/../Frameworks",
				);
				PRODUCT_BUNDLE_IDENTIFIER = "com.zscaler-split-tunnel.helper.tests";
				SDKROOT = macosx;
			};
			name = Debug;
		};
		E296CCFDDD09E95DDA8EEAE3 /* Debug */ = {
			isa = XCBuildConfiguration;
			buildSettings = {
				CODE_SIGN_IDENTITY = "Apple Development";
				COMBINE_HIDPI_IMAGES = YES;
				CREATE_INFOPLIST_SECTION_IN_BINARY = YES;
				DEVELOPMENT_TEAM = 8A7FU99APT;
				ENABLE_HARDENED_RUNTIME = YES;
				GENERATE_INFOPLIST_FILE = NO;
				INFOPLIST_FILE = ZscalerSplitTunnelHelper/Info.plist;
				LD_RUNPATH_SEARCH_PATHS = (
					"$(inherited)",
					"@executable_path/../Frameworks",
				);
				OTHER_CODE_SIGN_FLAGS = "-i com.zscaler-split-tunnel.helper";
				OTHER_LDFLAGS = (
					"-sectcreate",
					__TEXT,
					__launchd_plist,
					"$(SRCROOT)/ZscalerSplitTunnelHelper/Launchd.plist",
					"-lpcap",
				);
				PRODUCT_BUNDLE_IDENTIFIER = "com.zscaler-split-tunnel.helper";
				PRODUCT_NAME = "com.zscaler-split-tunnel.helper";
				SDKROOT = macosx;
				SKIP_INSTALL = YES;
				SWIFT_OBJC_BRIDGING_HEADER = ZscalerSplitTunnelHelper/BridgingHeader.h;
			};
			name = Debug;
		};
		EBE1D4AC367E10FB55C74E9C /* Release */ = {
			isa = XCBuildConfiguration;
			buildSettings = {
				CODE_SIGN_IDENTITY = "Apple Development";
				COMBINE_HIDPI_IMAGES = YES;
				CREATE_INFOPLIST_SECTION_IN_BINARY = YES;
				DEVELOPMENT_TEAM = 8A7FU99APT;
				ENABLE_HARDENED_RUNTIME = YES;
				GENERATE_INFOPLIST_FILE = NO;
				INFOPLIST_FILE = ZscalerSplitTunnelHelper/Info.plist;
				LD_RUNPATH_SEARCH_PATHS = (
					"$(inherited)",
					"@executable_path/../Frameworks",
				);
				OTHER_CODE_SIGN_FLAGS = "-i com.zscaler-split-tunnel.helper";
				OTHER_LDFLAGS = (
					"-sectcreate",
					__TEXT,
					__launchd_plist,
					"$(SRCROOT)/ZscalerSplitTunnelHelper/Launchd.plist",
					"-lpcap",
				);
				PRODUCT_BUNDLE_IDENTIFIER = "com.zscaler-split-tunnel.helper";
				PRODUCT_NAME = "com.zscaler-split-tunnel.helper";
				SDKROOT = macosx;
				SKIP_INSTALL = YES;
				SWIFT_OBJC_BRIDGING_HEADER = ZscalerSplitTunnelHelper/BridgingHeader.h;
			};
			name = Release;
		};
/* End XCBuildConfiguration section */

/* Begin XCConfigurationList section */
		23A902CB98CBDF295FDD3063 /* Build configuration list for PBXNativeTarget "ZscalerSplitTunnelTests" */ = {
			isa = XCConfigurationList;
			buildConfigurations = (
				AB21822CE6E5870CC123C1D9 /* Debug */,
				72FD3A2E723057005618D2BD /* Release */,
			);
			defaultConfigurationIsVisible = 0;
			defaultConfigurationName = Debug;
		};
		3112AFA493FD9E0C65B95CFC /* Build configuration list for PBXProject "ZscalerSplitTunnel" */ = {
			isa = XCConfigurationList;
			buildConfigurations = (
				A39D28CE6E8172587D15A3D9 /* Debug */,
				613DA295C5681D2CDD9672A6 /* Release */,
			);
			defaultConfigurationIsVisible = 0;
			defaultConfigurationName = Debug;
		};
		5A8F91827C1F2FF88CE745C6 /* Build configuration list for PBXNativeTarget "ZscalerSplitTunnel" */ = {
			isa = XCConfigurationList;
			buildConfigurations = (
				126599875150D0DE94A28EBF /* Debug */,
				D6C0B66593858ADE6FAB16A8 /* Release */,
			);
			defaultConfigurationIsVisible = 0;
			defaultConfigurationName = Debug;
		};
		B183A71BCFF261AC5C9EC6D3 /* Build configuration list for PBXNativeTarget "ZscalerSplitTunnelHelper" */ = {
			isa = XCConfigurationList;
			buildConfigurations = (
				E296CCFDDD09E95DDA8EEAE3 /* Debug */,
				EBE1D4AC367E10FB55C74E9C /* Release */,
			);
			defaultConfigurationIsVisible = 0;
			defaultConfigurationName = Debug;
		};
		EF4CDE88BD2C66B40A4E9AB0 /* Build configuration list for PBXNativeTarget "Reset Background Tasks" */ = {
			isa = XCConfigurationList;
			buildConfigurations = (
				29C5F245A9D8ABB71FB5E127 /* Debug */,
				BE073BE9E255050DFB91F3CE /* Release */,
			);
			defaultConfigurationIsVisible = 0;
			defaultConfigurationName = Debug;
		};
		F69430D5F26711B503FFCD24 /* Build configuration list for PBXNativeTarget "ZscalerSplitTunnelHelperTests" */ = {
			isa = XCConfigurationList;
			buildConfigurations = (
				DA2D23BAEC90B4697DABDE43 /* Debug */,
				805E137966DC479D1A150758 /* Release */,
			);
			defaultConfigurationIsVisible = 0;
			defaultConfigurationName = Debug;
		};
/* End XCConfigurationList section */
	};
	rootObject = 8F6DD5F12919B51C0C83E49B /* Project object */;
}
